
Microsoft Visual Studio Solution File, Format Version 12.00
# Visual Studio 15
VisualStudioVersion = 15.0.27130.2036
MinimumVisualStudioVersion = 10.0.40219.1
Project("{FAE04EC0-301F-11D3-BF4B-00C04F79EFBC}") = "ConnectionToDb", "ConnectionToDb\ConnectionToDb.csproj", "{BBE43458-9547-4DD2-9743-6D3AD3908FCE}"
EndProject
Global
	GlobalSection(SolutionConfigurationPlatforms) = preSolution
		Debug|Any CPU = Debug|Any CPU
		Release|Any CPU = Release|Any CPU
	EndGlobalSection
	GlobalSection(ProjectConfigurationPlatforms) = postSolution
		{BBE43458-9547-4DD2-9743-6D3AD3908FCE}.Debug|Any CPU.ActiveCfg = Debug|Any CPU
		{BBE43458-9547-4DD2-9743-6D3AD3908FCE}.Debug|Any CPU.Build.0 = Debug|Any CPU
		{BBE43458-9547-4DD2-9743-6D3AD3908FCE}.Release|Any CPU.ActiveCfg = Release|Any CPU
		{BBE43458-9547-4DD2-9743-6D3AD3908FCE}.Release|Any CPU.Build.0 = Release|Any CPU
	EndGlobalSection
	GlobalSection(SolutionProperties) = preSolution
		HideSolutionNode = FALSE
	EndGlobalSection
	GlobalSection(ExtensibilityGlobals) = postSolution
		SolutionGuid = {CC521B2D-A904-44D3-8F5F-4A313C6BF54D}
	EndGlobalSection
EndGlobal
